
Microsoft Visual Studio Solution File, Format Version 12.00
# Visual Studio Version 17
VisualStudioVersion = 17.1.32210.238
MinimumVisualStudioVersion = 10.0.40219.1
Project("{FAE04EC0-301F-11D3-BF4B-00C04F79EFBC}") = "ConsoleApp_Layer_Architecture", "ConsoleApp_Layer_Architecture\ConsoleApp_Layer_Architecture.csproj", "{93E992BD-BD23-4FD5-A781-D8DC10D5ADF5}"
EndProject
Project("{FAE04EC0-301F-11D3-BF4B-00C04F79EFBC}") = "Entities", "Entities\Entities.csproj", "{6DECB074-2F25-4769-8537-22A8CAF195A6}"
EndProject
Project("{FAE04EC0-301F-11D3-BF4B-00C04F79EFBC}") = "DataAccess", "DataAcces\DataAccess.csproj", "{714529AE-8E42-4B8F-A5C5-0A90F98F385E}"
EndProject
Project("{FAE04EC0-301F-11D3-BF4B-00C04F79EFBC}") = "Business", "Business\Business.csproj", "{69AF0A77-7330-4D67-98BA-891A52E8C2D3}"
EndProject
Global
	GlobalSection(SolutionConfigurationPlatforms) = preSolution
		Debug|Any CPU = Debug|Any CPU
		Release|Any CPU = Release|Any CPU
	EndGlobalSection
	GlobalSection(ProjectConfigurationPlatforms) = postSolution
		{93E992BD-BD23-4FD5-A781-D8DC10D5ADF5}.Debug|Any CPU.ActiveCfg = Debug|Any CPU
		{93E992BD-BD23-4FD5-A781-D8DC10D5ADF5}.Debug|Any CPU.Build.0 = Debug|Any CPU
		{93E992BD-BD23-4FD5-A781-D8DC10D5ADF5}.Release|Any CPU.ActiveCfg = Release|Any CPU
		{93E992BD-BD23-4FD5-A781-D8DC10D5ADF5}.Release|Any CPU.Build.0 = Release|Any CPU
		{6DECB074-2F25-4769-8537-22A8CAF195A6}.Debug|Any CPU.ActiveCfg = Debug|Any CPU
		{6DECB074-2F25-4769-8537-22A8CAF195A6}.Debug|Any CPU.Build.0 = Debug|Any CPU
		{6DECB074-2F25-4769-8537-22A8CAF195A6}.Release|Any CPU.ActiveCfg = Release|Any CPU
		{6DECB074-2F25-4769-8537-22A8CAF195A6}.Release|Any CPU.Build.0 = Release|Any CPU
		{714529AE-8E42-4B8F-A5C5-0A90F98F385E}.Debug|Any CPU.ActiveCfg = Debug|Any CPU
		{714529AE-8E42-4B8F-A5C5-0A90F98F385E}.Debug|Any CPU.Build.0 = Debug|Any CPU
		{714529AE-8E42-4B8F-A5C5-0A90F98F385E}.Release|Any CPU.ActiveCfg = Release|Any CPU
		{714529AE-8E42-4B8F-A5C5-0A90F98F385E}.Release|Any CPU.Build.0 = Release|Any CPU
		{69AF0A77-7330-4D67-98BA-891A52E8C2D3}.Debug|Any CPU.ActiveCfg = Debug|Any CPU
		{69AF0A77-7330-4D67-98BA-891A52E8C2D3}.Debug|Any CPU.Build.0 = Debug|Any CPU
		{69AF0A77-7330-4D67-98BA-891A52E8C2D3}.Release|Any CPU.ActiveCfg = Release|Any CPU
		{69AF0A77-7330-4D67-98BA-891A52E8C2D3}.Release|Any CPU.Build.0 = Release|Any CPU
	EndGlobalSection
	GlobalSection(SolutionProperties) = preSolution
		HideSolutionNode = FALSE
	EndGlobalSection
	GlobalSection(ExtensibilityGlobals) = postSolution
		SolutionGuid = {A34524F8-4286-47A6-A4E4-053902D77224}
	EndGlobalSection
EndGlobal
